
Microsoft Visual Studio Solution File, Format Version 12.00
# Visual Studio Version 16
VisualStudioVersion = 16.0.30907.101
MinimumVisualStudioVersion = 10.0.40219.1
Project("{FAE04EC0-301F-11D3-BF4B-00C04F79EFBC}") = "WeatherDataConsole", "WeatherDataApp\WeatherDataConsole.csproj", "{4E068DE5-62B8-47AD-89DA-B06B4E8C0EB6}"
EndProject
Project("{FAE04EC0-301F-11D3-BF4B-00C04F79EFBC}") = "EFDataAccessLibrary", "EFDataAccessLibrary\EFDataAccessLibrary.csproj", "{873A8466-D20F-4DAD-B0EE-141537424BB2}"
EndProject
Global
	GlobalSection(SolutionConfigurationPlatforms) = preSolution
		Debug|Any CPU = Debug|Any CPU
		Release|Any CPU = Release|Any CPU
	EndGlobalSection
	GlobalSection(ProjectConfigurationPlatforms) = postSolution
		{4E068DE5-62B8-47AD-89DA-B06B4E8C0EB6}.Debug|Any CPU.ActiveCfg = Debug|Any CPU
		{4E068DE5-62B8-47AD-89DA-B06B4E8C0EB6}.Debug|Any CPU.Build.0 = Debug|Any CPU
		{4E068DE5-62B8-47AD-89DA-B06B4E8C0EB6}.Release|Any CPU.ActiveCfg = Release|Any CPU
		{4E068DE5-62B8-47AD-89DA-B06B4E8C0EB6}.Release|Any CPU.Build.0 = Release|Any CPU
		{873A8466-D20F-4DAD-B0EE-141537424BB2}.Debug|Any CPU.ActiveCfg = Debug|Any CPU
		{873A8466-D20F-4DAD-B0EE-141537424BB2}.Debug|Any CPU.Build.0 = Debug|Any CPU
		{873A8466-D20F-4DAD-B0EE-141537424BB2}.Release|Any CPU.ActiveCfg = Release|Any CPU
		{873A8466-D20F-4DAD-B0EE-141537424BB2}.Release|Any CPU.Build.0 = Release|Any CPU
	EndGlobalSection
	GlobalSection(SolutionProperties) = preSolution
		HideSolutionNode = FALSE
	EndGlobalSection
	GlobalSection(ExtensibilityGlobals) = postSolution
		SolutionGuid = {A9B86117-05C9-4960-BE03-FEE7CE4C5D93}
	EndGlobalSection
EndGlobal
